{
  "plugin_type": "files",
  "name": "files-dbt-bigquery",
  "namespace": "files_dbt_bigquery",
  "variant": "meltano",
  "label": "dbt Bigquery",
  "docs": "https://hub.meltano.com/files/files-dbt-bigquery--meltano",
  "repo": "https://github.com/meltano/files-dbt-bigquery",
  "pip_url": "git+https://github.com/meltano/files-dbt-bigquery"
}